
Microsoft Visual Studio Solution File, Format Version 12.00
# Visual Studio Version 17
VisualStudioVersion = 17.5.33627.172
MinimumVisualStudioVersion = 10.0.40219.1
Project("{FAE04EC0-301F-11D3-BF4B-00C04F79EFBC}") = "week4-huseyingulerman.Api", "week4-huseyingulerman.Api.csproj", "{98C25B9C-DC06-44B7-9567-C8E83FEAD5B5}"
EndProject
Project("{FAE04EC0-301F-11D3-BF4B-00C04F79EFBC}") = "week4-huseyingulerman.Core", "..\week4-huseyingulerman.Core\week4-huseyingulerman.Core.csproj", "{0E9A4E12-CB8A-488D-836D-FAC7B5CCA9BE}"
EndProject
Project("{FAE04EC0-301F-11D3-BF4B-00C04F79EFBC}") = "week4-huseyingulerman.Repository", "..\week4-huseyingulerman.Repository\week4-huseyingulerman.Repository.csproj", "{C961C402-7D16-42D4-9981-43AF66B36FFB}"
EndProject
Project("{FAE04EC0-301F-11D3-BF4B-00C04F79EFBC}") = "week4-huseyingulerman.Service", "..\week4-huseyingulerman.Service\week4-huseyingulerman.Service.csproj", "{6DCB11E9-BFB1-4022-A942-6244ED8B7701}"
EndProject
Global
	GlobalSection(SolutionConfigurationPlatforms) = preSolution
		Debug|Any CPU = Debug|Any CPU
		Release|Any CPU = Release|Any CPU
	EndGlobalSection
	GlobalSection(ProjectConfigurationPlatforms) = postSolution
		{98C25B9C-DC06-44B7-9567-C8E83FEAD5B5}.Debug|Any CPU.ActiveCfg = Debug|Any CPU
		{98C25B9C-DC06-44B7-9567-C8E83FEAD5B5}.Debug|Any CPU.Build.0 = Debug|Any CPU
		{98C25B9C-DC06-44B7-9567-C8E83FEAD5B5}.Release|Any CPU.ActiveCfg = Release|Any CPU
		{98C25B9C-DC06-44B7-9567-C8E83FEAD5B5}.Release|Any CPU.Build.0 = Release|Any CPU
		{0E9A4E12-CB8A-488D-836D-FAC7B5CCA9BE}.Debug|Any CPU.ActiveCfg = Debug|Any CPU
		{0E9A4E12-CB8A-488D-836D-FAC7B5CCA9BE}.Debug|Any CPU.Build.0 = Debug|Any CPU
		{0E9A4E12-CB8A-488D-836D-FAC7B5CCA9BE}.Release|Any CPU.ActiveCfg = Release|Any CPU
		{0E9A4E12-CB8A-488D-836D-FAC7B5CCA9BE}.Release|Any CPU.Build.0 = Release|Any CPU
		{C961C402-7D16-42D4-9981-43AF66B36FFB}.Debug|Any CPU.ActiveCfg = Debug|Any CPU
		{C961C402-7D16-42D4-9981-43AF66B36FFB}.Debug|Any CPU.Build.0 = Debug|Any CPU
		{C961C402-7D16-42D4-9981-43AF66B36FFB}.Release|Any CPU.ActiveCfg = Release|Any CPU
		{C961C402-7D16-42D4-9981-43AF66B36FFB}.Release|Any CPU.Build.0 = Release|Any CPU
		{6DCB11E9-BFB1-4022-A942-6244ED8B7701}.Debug|Any CPU.ActiveCfg = Debug|Any CPU
		{6DCB11E9-BFB1-4022-A942-6244ED8B7701}.Debug|Any CPU.Build.0 = Debug|Any CPU
		{6DCB11E9-BFB1-4022-A942-6244ED8B7701}.Release|Any CPU.ActiveCfg = Release|Any CPU
		{6DCB11E9-BFB1-4022-A942-6244ED8B7701}.Release|Any CPU.Build.0 = Release|Any CPU
	EndGlobalSection
	GlobalSection(SolutionProperties) = preSolution
		HideSolutionNode = FALSE
	EndGlobalSection
	GlobalSection(ExtensibilityGlobals) = postSolution
		SolutionGuid = {50771817-AF20-4D25-927D-BCECD6BE8BBC}
	EndGlobalSection
EndGlobal
